
Microsoft Visual Studio Solution File, Format Version 12.00
# Visual Studio 15
VisualStudioVersion = 15.0.28010.2003
MinimumVisualStudioVersion = 10.0.40219.1
Project("{FAE04EC0-301F-11D3-BF4B-00C04F79EFBC}") = "PokeDexApp.Android", "PokeDexApp\PokeDexApp.Android\PokeDexApp.Android.csproj", "{D75C86F6-1AA4-488F-A8C7-51FAEEEE23B4}"
EndProject
Project("{FAE04EC0-301F-11D3-BF4B-00C04F79EFBC}") = "PokeDexApp.iOS", "PokeDexApp\PokeDexApp.iOS\PokeDexApp.iOS.csproj", "{E90DA38A-AD65-4F3A-A88C-E5DB7D1681E6}"
EndProject
Project("{FAE04EC0-301F-11D3-BF4B-00C04F79EFBC}") = "PokeDexApp", "PokeDexApp\PokeDexApp\PokeDexApp.csproj", "{E0854485-8F94-4FA6-84FE-E0089A9AFCDB}"
EndProject
Global
	GlobalSection(SolutionConfigurationPlatforms) = preSolution
		Ad-Hoc|Any CPU = Ad-Hoc|Any CPU
		Ad-Hoc|iPhone = Ad-Hoc|iPhone
		Ad-Hoc|iPhoneSimulator = Ad-Hoc|iPhoneSimulator
		AppStore|Any CPU = AppStore|Any CPU
		AppStore|iPhone = AppStore|iPhone
		AppStore|iPhoneSimulator = AppStore|iPhoneSimulator
		Debug|Any CPU = Debug|Any CPU
		Debug|iPhone = Debug|iPhone
		Debug|iPhoneSimulator = Debug|iPhoneSimulator
		Release|Any CPU = Release|Any CPU
		Release|iPhone = Release|iPhone
		Release|iPhoneSimulator = Release|iPhoneSimulator
	EndGlobalSection
	GlobalSection(ProjectConfigurationPlatforms) = postSolution
		{D75C86F6-1AA4-488F-A8C7-51FAEEEE23B4}.Ad-Hoc|Any CPU.ActiveCfg = Release|Any CPU
		{D75C86F6-1AA4-488F-A8C7-51FAEEEE23B4}.Ad-Hoc|Any CPU.Build.0 = Release|Any CPU
		{D75C86F6-1AA4-488F-A8C7-51FAEEEE23B4}.Ad-Hoc|Any CPU.Deploy.0 = Release|Any CPU
		{D75C86F6-1AA4-488F-A8C7-51FAEEEE23B4}.Ad-Hoc|iPhone.ActiveCfg = Release|Any CPU
		{D75C86F6-1AA4-488F-A8C7-51FAEEEE23B4}.Ad-Hoc|iPhone.Build.0 = Release|Any CPU
		{D75C86F6-1AA4-488F-A8C7-51FAEEEE23B4}.Ad-Hoc|iPhone.Deploy.0 = Release|Any CPU
		{D75C86F6-1AA4-488F-A8C7-51FAEEEE23B4}.Ad-Hoc|iPhoneSimulator.ActiveCfg = Release|Any CPU
		{D75C86F6-1AA4-488F-A8C7-51FAEEEE23B4}.Ad-Hoc|iPhoneSimulator.Build.0 = Release|Any CPU
		{D75C86F6-1AA4-488F-A8C7-51FAEEEE23B4}.Ad-Hoc|iPhoneSimulator.Deploy.0 = Release|Any CPU
		{D75C86F6-1AA4-488F-A8C7-51FAEEEE23B4}.AppStore|Any CPU.ActiveCfg = Release|Any CPU
		{D75C86F6-1AA4-488F-A8C7-51FAEEEE23B4}.AppStore|Any CPU.Build.0 = Release|Any CPU
		{D75C86F6-1AA4-488F-A8C7-51FAEEEE23B4}.AppStore|Any CPU.Deploy.0 = Release|Any CPU
		{D75C86F6-1AA4-488F-A8C7-51FAEEEE23B4}.AppStore|iPhone.ActiveCfg = Release|Any CPU
		{D75C86F6-1AA4-488F-A8C7-51FAEEEE23B4}.AppStore|iPhone.Build.0 = Release|Any CPU
		{D75C86F6-1AA4-488F-A8C7-51FAEEEE23B4}.AppStore|iPhone.Deploy.0 = Release|Any CPU
		{D75C86F6-1AA4-488F-A8C7-51FAEEEE23B4}.AppStore|iPhoneSimulator.ActiveCfg = Release|Any CPU
		{D75C86F6-1AA4-488F-A8C7-51FAEEEE23B4}.AppStore|iPhoneSimulator.Build.0 = Release|Any CPU
		{D75C86F6-1AA4-488F-A8C7-51FAEEEE23B4}.AppStore|iPhoneSimulator.Deploy.0 = Release|Any CPU
		{D75C86F6-1AA4-488F-A8C7-51FAEEEE23B4}.Debug|Any CPU.ActiveCfg = Debug|Any CPU
		{D75C86F6-1AA4-488F-A8C7-51FAEEEE23B4}.Debug|Any CPU.Build.0 = Debug|Any CPU
		{D75C86F6-1AA4-488F-A8C7-51FAEEEE23B4}.Debug|Any CPU.Deploy.0 = Debug|Any CPU
		{D75C86F6-1AA4-488F-A8C7-51FAEEEE23B4}.Debug|iPhone.ActiveCfg = Debug|Any CPU
		{D75C86F6-1AA4-488F-A8C7-51FAEEEE23B4}.Debug|iPhone.Build.0 = Debug|Any CPU
		{D75C86F6-1AA4-488F-A8C7-51FAEEEE23B4}.Debug|iPhone.Deploy.0 = Debug|Any CPU
		{D75C86F6-1AA4-488F-A8C7-51FAEEEE23B4}.Debug|iPhoneSimulator.ActiveCfg = Debug|Any CPU
		{D75C86F6-1AA4-488F-A8C7-51FAEEEE23B4}.Debug|iPhoneSimulator.Build.0 = Debug|Any CPU
		{D75C86F6-1AA4-488F-A8C7-51FAEEEE23B4}.Debug|iPhoneSimulator.Deploy.0 = Debug|Any CPU
		{D75C86F6-1AA4-488F-A8C7-51FAEEEE23B4}.Release|Any CPU.ActiveCfg = Release|Any CPU
		{D75C86F6-1AA4-488F-A8C7-51FAEEEE23B4}.Release|Any CPU.Build.0 = Release|Any CPU
		{D75C86F6-1AA4-488F-A8C7-51FAEEEE23B4}.Release|Any CPU.Deploy.0 = Release|Any CPU
		{D75C86F6-1AA4-488F-A8C7-51FAEEEE23B4}.Release|iPhone.ActiveCfg = Release|Any CPU
		{D75C86F6-1AA4-488F-A8C7-51FAEEEE23B4}.Release|iPhone.Build.0 = Release|Any CPU
		{D75C86F6-1AA4-488F-A8C7-51FAEEEE23B4}.Release|iPhone.Deploy.0 = Release|Any CPU
		{D75C86F6-1AA4-488F-A8C7-51FAEEEE23B4}.Release|iPhoneSimulator.ActiveCfg = Release|Any CPU
		{D75C86F6-1AA4-488F-A8C7-51FAEEEE23B4}.Release|iPhoneSimulator.Build.0 = Release|Any CPU
		{D75C86F6-1AA4-488F-A8C7-51FAEEEE23B4}.Release|iPhoneSimulator.Deploy.0 = Release|Any CPU
		{E90DA38A-AD65-4F3A-A88C-E5DB7D1681E6}.Ad-Hoc|Any CPU.ActiveCfg = Ad-Hoc|iPhone
		{E90DA38A-AD65-4F3A-A88C-E5DB7D1681E6}.Ad-Hoc|Any CPU.Build.0 = Ad-Hoc|iPhone
		{E90DA38A-AD65-4F3A-A88C-E5DB7D1681E6}.Ad-Hoc|Any CPU.Deploy.0 = Ad-Hoc|iPhone
		{E90DA38A-AD65-4F3A-A88C-E5DB7D1681E6}.Ad-Hoc|iPhone.ActiveCfg = Ad-Hoc|iPhone
		{E90DA38A-AD65-4F3A-A88C-E5DB7D1681E6}.Ad-Hoc|iPhone.Build.0 = Ad-Hoc|iPhone
		{E90DA38A-AD65-4F3A-A88C-E5DB7D1681E6}.Ad-Hoc|iPhone.Deploy.0 = Ad-Hoc|iPhone
		{E90DA38A-AD65-4F3A-A88C-E5DB7D1681E6}.Ad-Hoc|iPhoneSimulator.ActiveCfg = Ad-Hoc|iPhoneSimulator
		{E90DA38A-AD65-4F3A-A88C-E5DB7D1681E6}.Ad-Hoc|iPhoneSimulator.Build.0 = Ad-Hoc|iPhoneSimulator
		{E90DA38A-AD65-4F3A-A88C-E5DB7D1681E6}.Ad-Hoc|iPhoneSimulator.Deploy.0 = Ad-Hoc|iPhoneSimulator
		{E90DA38A-AD65-4F3A-A88C-E5DB7D1681E6}.AppStore|Any CPU.ActiveCfg = AppStore|iPhone
		{E90DA38A-AD65-4F3A-A88C-E5DB7D1681E6}.AppStore|Any CPU.Build.0 = AppStore|iPhone
		{E90DA38A-AD65-4F3A-A88C-E5DB7D1681E6}.AppStore|Any CPU.Deploy.0 = AppStore|iPhone
		{E90DA38A-AD65-4F3A-A88C-E5DB7D1681E6}.AppStore|iPhone.ActiveCfg = AppStore|iPhone
		{E90DA38A-AD65-4F3A-A88C-E5DB7D1681E6}.AppStore|iPhone.Build.0 = AppStore|iPhone
		{E90DA38A-AD65-4F3A-A88C-E5DB7D1681E6}.AppStore|iPhone.Deploy.0 = AppStore|iPhone
		{E90DA38A-AD65-4F3A-A88C-E5DB7D1681E6}.AppStore|iPhoneSimulator.ActiveCfg = AppStore|iPhoneSimulator
		{E90DA38A-AD65-4F3A-A88C-E5DB7D1681E6}.AppStore|iPhoneSimulator.Build.0 = AppStore|iPhoneSimulator
		{E90DA38A-AD65-4F3A-A88C-E5DB7D1681E6}.AppStore|iPhoneSimulator.Deploy.0 = AppStore|iPhoneSimulator
		{E90DA38A-AD65-4F3A-A88C-E5DB7D1681E6}.Debug|Any CPU.ActiveCfg = Debug|iPhoneSimulator
		{E90DA38A-AD65-4F3A-A88C-E5DB7D1681E6}.Debug|Any CPU.Build.0 = Debug|iPhoneSimulator
		{E90DA38A-AD65-4F3A-A88C-E5DB7D1681E6}.Debug|Any CPU.Deploy.0 = Debug|iPhoneSimulator
		{E90DA38A-AD65-4F3A-A88C-E5DB7D1681E6}.Debug|iPhone.ActiveCfg = Debug|iPhone
		{E90DA38A-AD65-4F3A-A88C-E5DB7D1681E6}.Debug|iPhone.Build.0 = Debug|iPhone
		{E90DA38A-AD65-4F3A-A88C-E5DB7D1681E6}.Debug|iPhone.Deploy.0 = Debug|iPhone
		{E90DA38A-AD65-4F3A-A88C-E5DB7D1681E6}.Debug|iPhoneSimulator.ActiveCfg = Debug|iPhoneSimulator
		{E90DA38A-AD65-4F3A-A88C-E5DB7D1681E6}.Debug|iPhoneSimulator.Build.0 = Debug|iPhoneSimulator
		{E90DA38A-AD65-4F3A-A88C-E5DB7D1681E6}.Debug|iPhoneSimulator.Deploy.0 = Debug|iPhoneSimulator
		{E90DA38A-AD65-4F3A-A88C-E5DB7D1681E6}.Release|Any CPU.ActiveCfg = Release|iPhone
		{E90DA38A-AD65-4F3A-A88C-E5DB7D1681E6}.Release|Any CPU.Build.0 = Release|iPhone
		{E90DA38A-AD65-4F3A-A88C-E5DB7D1681E6}.Release|Any CPU.Deploy.0 = Release|iPhone
		{E90DA38A-AD65-4F3A-A88C-E5DB7D1681E6}.Release|iPhone.ActiveCfg = Release|iPhone
		{E90DA38A-AD65-4F3A-A88C-E5DB7D1681E6}.Release|iPhone.Build.0 = Release|iPhone
		{E90DA38A-AD65-4F3A-A88C-E5DB7D1681E6}.Release|iPhone.Deploy.0 = Release|iPhone
		{E90DA38A-AD65-4F3A-A88C-E5DB7D1681E6}.Release|iPhoneSimulator.ActiveCfg = Release|iPhoneSimulator
		{E90DA38A-AD65-4F3A-A88C-E5DB7D1681E6}.Release|iPhoneSimulator.Build.0 = Release|iPhoneSimulator
		{E90DA38A-AD65-4F3A-A88C-E5DB7D1681E6}.Release|iPhoneSimulator.Deploy.0 = Release|iPhoneSimulator
		{E0854485-8F94-4FA6-84FE-E0089A9AFCDB}.Ad-Hoc|Any CPU.ActiveCfg = Debug|Any CPU
		{E0854485-8F94-4FA6-84FE-E0089A9AFCDB}.Ad-Hoc|Any CPU.Build.0 = Debug|Any CPU
		{E0854485-8F94-4FA6-84FE-E0089A9AFCDB}.Ad-Hoc|Any CPU.Deploy.0 = Debug|Any CPU
		{E0854485-8F94-4FA6-84FE-E0089A9AFCDB}.Ad-Hoc|iPhone.ActiveCfg = Debug|Any CPU
		{E0854485-8F94-4FA6-84FE-E0089A9AFCDB}.Ad-Hoc|iPhone.Build.0 = Debug|Any CPU
		{E0854485-8F94-4FA6-84FE-E0089A9AFCDB}.Ad-Hoc|iPhone.Deploy.0 = Debug|Any CPU
		{E0854485-8F94-4FA6-84FE-E0089A9AFCDB}.Ad-Hoc|iPhoneSimulator.ActiveCfg = Debug|Any CPU
		{E0854485-8F94-4FA6-84FE-E0089A9AFCDB}.Ad-Hoc|iPhoneSimulator.Build.0 = Debug|Any CPU
		{E0854485-8F94-4FA6-84FE-E0089A9AFCDB}.Ad-Hoc|iPhoneSimulator.Deploy.0 = Debug|Any CPU
		{E0854485-8F94-4FA6-84FE-E0089A9AFCDB}.AppStore|Any CPU.ActiveCfg = Debug|Any CPU
		{E0854485-8F94-4FA6-84FE-E0089A9AFCDB}.AppStore|Any CPU.Build.0 = Debug|Any CPU
		{E0854485-8F94-4FA6-84FE-E0089A9AFCDB}.AppStore|Any CPU.Deploy.0 = Debug|Any CPU
		{E0854485-8F94-4FA6-84FE-E0089A9AFCDB}.AppStore|iPhone.ActiveCfg = Debug|Any CPU
		{E0854485-8F94-4FA6-84FE-E0089A9AFCDB}.AppStore|iPhone.Build.0 = Debug|Any CPU
		{E0854485-8F94-4FA6-84FE-E0089A9AFCDB}.AppStore|iPhone.Deploy.0 = Debug|Any CPU
		{E0854485-8F94-4FA6-84FE-E0089A9AFCDB}.AppStore|iPhoneSimulator.ActiveCfg = Debug|Any CPU
		{E0854485-8F94-4FA6-84FE-E0089A9AFCDB}.AppStore|iPhoneSimulator.Build.0 = Debug|Any CPU
		{E0854485-8F94-4FA6-84FE-E0089A9AFCDB}.AppStore|iPhoneSimulator.Deploy.0 = Debug|Any CPU
		{E0854485-8F94-4FA6-84FE-E0089A9AFCDB}.Debug|Any CPU.ActiveCfg = Debug|Any CPU
		{E0854485-8F94-4FA6-84FE-E0089A9AFCDB}.Debug|Any CPU.Build.0 = Debug|Any CPU
		{E0854485-8F94-4FA6-84FE-E0089A9AFCDB}.Debug|Any CPU.Deploy.0 = Debug|Any CPU
		{E0854485-8F94-4FA6-84FE-E0089A9AFCDB}.Debug|iPhone.ActiveCfg = Debug|Any CPU
		{E0854485-8F94-4FA6-84FE-E0089A9AFCDB}.Debug|iPhone.Build.0 = Debug|Any CPU
		{E0854485-8F94-4FA6-84FE-E0089A9AFCDB}.Debug|iPhone.Deploy.0 = Debug|Any CPU
		{E0854485-8F94-4FA6-84FE-E0089A9AFCDB}.Debug|iPhoneSimulator.ActiveCfg = Debug|Any CPU
		{E0854485-8F94-4FA6-84FE-E0089A9AFCDB}.Debug|iPhoneSimulator.Build.0 = Debug|Any CPU
		{E0854485-8F94-4FA6-84FE-E0089A9AFCDB}.Debug|iPhoneSimulator.Deploy.0 = Debug|Any CPU
		{E0854485-8F94-4FA6-84FE-E0089A9AFCDB}.Release|Any CPU.ActiveCfg = Release|Any CPU
		{E0854485-8F94-4FA6-84FE-E0089A9AFCDB}.Release|Any CPU.Build.0 = Release|Any CPU
		{E0854485-8F94-4FA6-84FE-E0089A9AFCDB}.Release|Any CPU.Deploy.0 = Release|Any CPU
		{E0854485-8F94-4FA6-84FE-E0089A9AFCDB}.Release|iPhone.ActiveCfg = Release|Any CPU
		{E0854485-8F94-4FA6-84FE-E0089A9AFCDB}.Release|iPhone.Build.0 = Release|Any CPU
		{E0854485-8F94-4FA6-84FE-E0089A9AFCDB}.Release|iPhone.Deploy.0 = Release|Any CPU
		{E0854485-8F94-4FA6-84FE-E0089A9AFCDB}.Release|iPhoneSimulator.ActiveCfg = Release|Any CPU
		{E0854485-8F94-4FA6-84FE-E0089A9AFCDB}.Release|iPhoneSimulator.Build.0 = Release|Any CPU
		{E0854485-8F94-4FA6-84FE-E0089A9AFCDB}.Release|iPhoneSimulator.Deploy.0 = Release|Any CPU
	EndGlobalSection
	GlobalSection(SolutionProperties) = preSolution
		HideSolutionNode = FALSE
	EndGlobalSection
	GlobalSection(ExtensibilityGlobals) = postSolution
		SolutionGuid = {554E3A1D-B71B-418C-987A-B88011C597BE}
	EndGlobalSection
EndGlobal
